
Microsoft Visual Studio Solution File, Format Version 12.00
# Visual Studio Version 17
VisualStudioVersion = 17.6.33801.468
MinimumVisualStudioVersion = 10.0.40219.1
Project("{FAE04EC0-301F-11D3-BF4B-00C04F79EFBC}") = "InternalTrainingConsole", "InternalTrainingConsole\InternalTrainingConsole.csproj", "{9A3C96C1-AAAC-4F6C-9BB5-8CCF80698C88}"
EndProject
Global
	GlobalSection(SolutionConfigurationPlatforms) = preSolution
		Debug|Any CPU = Debug|Any CPU
		Release|Any CPU = Release|Any CPU
	EndGlobalSection
	GlobalSection(ProjectConfigurationPlatforms) = postSolution
		{9A3C96C1-AAAC-4F6C-9BB5-8CCF80698C88}.Debug|Any CPU.ActiveCfg = Debug|Any CPU
		{9A3C96C1-AAAC-4F6C-9BB5-8CCF80698C88}.Debug|Any CPU.Build.0 = Debug|Any CPU
		{9A3C96C1-AAAC-4F6C-9BB5-8CCF80698C88}.Release|Any CPU.ActiveCfg = Release|Any CPU
		{9A3C96C1-AAAC-4F6C-9BB5-8CCF80698C88}.Release|Any CPU.Build.0 = Release|Any CPU
	EndGlobalSection
	GlobalSection(SolutionProperties) = preSolution
		HideSolutionNode = FALSE
	EndGlobalSection
	GlobalSection(ExtensibilityGlobals) = postSolution
		SolutionGuid = {6E625676-862C-45EA-B901-487C44143E96}
	EndGlobalSection
EndGlobal
